
Microsoft Visual Studio Solution File, Format Version 12.00
# Visual Studio 14
VisualStudioVersion = 14.0.23107.0
MinimumVisualStudioVersion = 10.0.40219.1
Project("{FAE04EC0-301F-11D3-BF4B-00C04F79EFBC}") = "Advanced TypeScript for CRM", "AdvancedTypeScriptForCRM\Advanced TypeScript for CRM.csproj", "{F594CF80-D025-4808-8CC4-398B5D57E4A4}"
EndProject
Project("{FAE04EC0-301F-11D3-BF4B-00C04F79EFBC}") = "External TypeScript Module", "ExternalTypeScriptModule\External TypeScript Module.csproj", "{FE20A771-0FDE-4517-B75B-FE622E42DCE0}"
EndProject
Global
	GlobalSection(SolutionConfigurationPlatforms) = preSolution
		Debug|Any CPU = Debug|Any CPU
		Release|Any CPU = Release|Any CPU
	EndGlobalSection
	GlobalSection(ProjectConfigurationPlatforms) = postSolution
		{F594CF80-D025-4808-8CC4-398B5D57E4A4}.Debug|Any CPU.ActiveCfg = Debug|Any CPU
		{F594CF80-D025-4808-8CC4-398B5D57E4A4}.Debug|Any CPU.Build.0 = Debug|Any CPU
		{F594CF80-D025-4808-8CC4-398B5D57E4A4}.Release|Any CPU.ActiveCfg = Release|Any CPU
		{F594CF80-D025-4808-8CC4-398B5D57E4A4}.Release|Any CPU.Build.0 = Release|Any CPU
		{FE20A771-0FDE-4517-B75B-FE622E42DCE0}.Debug|Any CPU.ActiveCfg = Debug|Any CPU
		{FE20A771-0FDE-4517-B75B-FE622E42DCE0}.Debug|Any CPU.Build.0 = Debug|Any CPU
		{FE20A771-0FDE-4517-B75B-FE622E42DCE0}.Release|Any CPU.ActiveCfg = Release|Any CPU
		{FE20A771-0FDE-4517-B75B-FE622E42DCE0}.Release|Any CPU.Build.0 = Release|Any CPU
	EndGlobalSection
	GlobalSection(SolutionProperties) = preSolution
		HideSolutionNode = FALSE
	EndGlobalSection
EndGlobal
